
Microsoft Visual Studio Solution File, Format Version 12.00
# Visual Studio Version 17
VisualStudioVersion = 17.0.32014.148
MinimumVisualStudioVersion = 10.0.40219.1
Project("{9A19103F-16F7-4668-BE54-9A1E7A4F7556}") = "Itadakimasu", "Itadakimasu\Itadakimasu.csproj", "{6A992EC2-E69D-456B-9E24-586095E94D79}"
EndProject
Project("{9A19103F-16F7-4668-BE54-9A1E7A4F7556}") = "FoodNameGenerator", "FoodNameGenerator\FoodNameGenerator.csproj", "{F9C99D78-FB3B-4987-A47A-2C4123DD9120}"
EndProject
Project("{9A19103F-16F7-4668-BE54-9A1E7A4F7556}") = "Models", "Models\Models.csproj", "{7A310158-1C6F-4BF0-929D-ABA9FCA77D64}"
EndProject
Global
	GlobalSection(SolutionConfigurationPlatforms) = preSolution
		Debug|Any CPU = Debug|Any CPU
		Release|Any CPU = Release|Any CPU
	EndGlobalSection
	GlobalSection(ProjectConfigurationPlatforms) = postSolution
		{6A992EC2-E69D-456B-9E24-586095E94D79}.Debug|Any CPU.ActiveCfg = Debug|Any CPU
		{6A992EC2-E69D-456B-9E24-586095E94D79}.Debug|Any CPU.Build.0 = Debug|Any CPU
		{6A992EC2-E69D-456B-9E24-586095E94D79}.Release|Any CPU.ActiveCfg = Release|Any CPU
		{6A992EC2-E69D-456B-9E24-586095E94D79}.Release|Any CPU.Build.0 = Release|Any CPU
		{F9C99D78-FB3B-4987-A47A-2C4123DD9120}.Debug|Any CPU.ActiveCfg = Debug|Any CPU
		{F9C99D78-FB3B-4987-A47A-2C4123DD9120}.Debug|Any CPU.Build.0 = Debug|Any CPU
		{F9C99D78-FB3B-4987-A47A-2C4123DD9120}.Release|Any CPU.ActiveCfg = Release|Any CPU
		{F9C99D78-FB3B-4987-A47A-2C4123DD9120}.Release|Any CPU.Build.0 = Release|Any CPU
		{7A310158-1C6F-4BF0-929D-ABA9FCA77D64}.Debug|Any CPU.ActiveCfg = Debug|Any CPU
		{7A310158-1C6F-4BF0-929D-ABA9FCA77D64}.Debug|Any CPU.Build.0 = Debug|Any CPU
		{7A310158-1C6F-4BF0-929D-ABA9FCA77D64}.Release|Any CPU.ActiveCfg = Release|Any CPU
		{7A310158-1C6F-4BF0-929D-ABA9FCA77D64}.Release|Any CPU.Build.0 = Release|Any CPU
	EndGlobalSection
	GlobalSection(SolutionProperties) = preSolution
		HideSolutionNode = FALSE
	EndGlobalSection
	GlobalSection(ExtensibilityGlobals) = postSolution
		SolutionGuid = {1DB1DC61-6DA4-4219-BD82-3AD0EFBCFB85}
	EndGlobalSection
EndGlobal
