
Microsoft Visual Studio Solution File, Format Version 12.00
# Visual Studio Version 17
VisualStudioVersion = 17.0.32014.148
MinimumVisualStudioVersion = 10.0.40219.1
Project("{9A19103F-16F7-4668-BE54-9A1E7A4F7556}") = "Itadakimasu", "Itadakimasu\Itadakimasu.csproj", "{6A992EC2-E69D-456B-9E24-586095E94D79}"
EndProject
Project("{9A19103F-16F7-4668-BE54-9A1E7A4F7556}") = "FoodNameGenerator", "FoodNameGenerator\FoodNameGenerator.csproj", "{F9C99D78-FB3B-4987-A47A-2C4123DD9120}"
EndProject
Project("{9A19103F-16F7-4668-BE54-9A1E7A4F7556}") = "Models", "Models\Models.csproj", "{7A310158-1C6F-4BF0-929D-ABA9FCA77D64}"
EndProject
Project("{9A19103F-16F7-4668-BE54-9A1E7A4F7556}") = "Utility", "Utility\Utility.csproj", "{67B2C950-5E30-4B40-9D3D-A795D28EE2B3}"
EndProject
Project("{9A19103F-16F7-4668-BE54-9A1E7A4F7556}") = "AzureExploer", "AzureExploer\AzureExploer.csproj", "{B2869475-1DFD-467D-83F5-92F4EDCF677D}"
EndProject
Project("{FAE04EC0-301F-11D3-BF4B-00C04F79EFBC}") = "ItadakimasuMobile.Android", "ItadakimasuMobile\ItadakimasuMobile.Android\ItadakimasuMobile.Android.csproj", "{37FCD5E6-456A-4AA4-B9A1-1BB1248F31D3}"
EndProject
Project("{FAE04EC0-301F-11D3-BF4B-00C04F79EFBC}") = "ItadakimasuMobile.iOS", "ItadakimasuMobile\ItadakimasuMobile.iOS\ItadakimasuMobile.iOS.csproj", "{75FB00D3-EDC2-4C9A-9C2F-9670CCA03642}"
EndProject
Project("{9A19103F-16F7-4668-BE54-9A1E7A4F7556}") = "ItadakimasuMobile", "ItadakimasuMobile\ItadakimasuMobile\ItadakimasuMobile.csproj", "{A4D7F88A-96B8-4F16-AAF2-DE7AFA6F3047}"
EndProject
Project("{9A19103F-16F7-4668-BE54-9A1E7A4F7556}") = "UtilityTestProject", "UtilityTestProject\UtilityTestProject.csproj", "{2656245B-243C-4DB3-AE30-BC878818785C}"
EndProject
Global
	GlobalSection(SolutionConfigurationPlatforms) = preSolution
		Debug|Any CPU = Debug|Any CPU
		Debug|iPhone = Debug|iPhone
		Debug|iPhoneSimulator = Debug|iPhoneSimulator
		Release|Any CPU = Release|Any CPU
		Release|iPhone = Release|iPhone
		Release|iPhoneSimulator = Release|iPhoneSimulator
	EndGlobalSection
	GlobalSection(ProjectConfigurationPlatforms) = postSolution
		{6A992EC2-E69D-456B-9E24-586095E94D79}.Debug|Any CPU.ActiveCfg = Debug|Any CPU
		{6A992EC2-E69D-456B-9E24-586095E94D79}.Debug|Any CPU.Build.0 = Debug|Any CPU
		{6A992EC2-E69D-456B-9E24-586095E94D79}.Debug|iPhone.ActiveCfg = Debug|Any CPU
		{6A992EC2-E69D-456B-9E24-586095E94D79}.Debug|iPhone.Build.0 = Debug|Any CPU
		{6A992EC2-E69D-456B-9E24-586095E94D79}.Debug|iPhoneSimulator.ActiveCfg = Debug|Any CPU
		{6A992EC2-E69D-456B-9E24-586095E94D79}.Debug|iPhoneSimulator.Build.0 = Debug|Any CPU
		{6A992EC2-E69D-456B-9E24-586095E94D79}.Release|Any CPU.ActiveCfg = Release|Any CPU
		{6A992EC2-E69D-456B-9E24-586095E94D79}.Release|Any CPU.Build.0 = Release|Any CPU
		{6A992EC2-E69D-456B-9E24-586095E94D79}.Release|iPhone.ActiveCfg = Release|Any CPU
		{6A992EC2-E69D-456B-9E24-586095E94D79}.Release|iPhone.Build.0 = Release|Any CPU
		{6A992EC2-E69D-456B-9E24-586095E94D79}.Release|iPhoneSimulator.ActiveCfg = Release|Any CPU
		{6A992EC2-E69D-456B-9E24-586095E94D79}.Release|iPhoneSimulator.Build.0 = Release|Any CPU
		{F9C99D78-FB3B-4987-A47A-2C4123DD9120}.Debug|Any CPU.ActiveCfg = Debug|Any CPU
		{F9C99D78-FB3B-4987-A47A-2C4123DD9120}.Debug|Any CPU.Build.0 = Debug|Any CPU
		{F9C99D78-FB3B-4987-A47A-2C4123DD9120}.Debug|iPhone.ActiveCfg = Debug|Any CPU
		{F9C99D78-FB3B-4987-A47A-2C4123DD9120}.Debug|iPhone.Build.0 = Debug|Any CPU
		{F9C99D78-FB3B-4987-A47A-2C4123DD9120}.Debug|iPhoneSimulator.ActiveCfg = Debug|Any CPU
		{F9C99D78-FB3B-4987-A47A-2C4123DD9120}.Debug|iPhoneSimulator.Build.0 = Debug|Any CPU
		{F9C99D78-FB3B-4987-A47A-2C4123DD9120}.Release|Any CPU.ActiveCfg = Release|Any CPU
		{F9C99D78-FB3B-4987-A47A-2C4123DD9120}.Release|Any CPU.Build.0 = Release|Any CPU
		{F9C99D78-FB3B-4987-A47A-2C4123DD9120}.Release|iPhone.ActiveCfg = Release|Any CPU
		{F9C99D78-FB3B-4987-A47A-2C4123DD9120}.Release|iPhone.Build.0 = Release|Any CPU
		{F9C99D78-FB3B-4987-A47A-2C4123DD9120}.Release|iPhoneSimulator.ActiveCfg = Release|Any CPU
		{F9C99D78-FB3B-4987-A47A-2C4123DD9120}.Release|iPhoneSimulator.Build.0 = Release|Any CPU
		{7A310158-1C6F-4BF0-929D-ABA9FCA77D64}.Debug|Any CPU.ActiveCfg = Debug|Any CPU
		{7A310158-1C6F-4BF0-929D-ABA9FCA77D64}.Debug|Any CPU.Build.0 = Debug|Any CPU
		{7A310158-1C6F-4BF0-929D-ABA9FCA77D64}.Debug|iPhone.ActiveCfg = Debug|Any CPU
		{7A310158-1C6F-4BF0-929D-ABA9FCA77D64}.Debug|iPhone.Build.0 = Debug|Any CPU
		{7A310158-1C6F-4BF0-929D-ABA9FCA77D64}.Debug|iPhoneSimulator.ActiveCfg = Debug|Any CPU
		{7A310158-1C6F-4BF0-929D-ABA9FCA77D64}.Debug|iPhoneSimulator.Build.0 = Debug|Any CPU
		{7A310158-1C6F-4BF0-929D-ABA9FCA77D64}.Release|Any CPU.ActiveCfg = Release|Any CPU
		{7A310158-1C6F-4BF0-929D-ABA9FCA77D64}.Release|Any CPU.Build.0 = Release|Any CPU
		{7A310158-1C6F-4BF0-929D-ABA9FCA77D64}.Release|iPhone.ActiveCfg = Release|Any CPU
		{7A310158-1C6F-4BF0-929D-ABA9FCA77D64}.Release|iPhone.Build.0 = Release|Any CPU
		{7A310158-1C6F-4BF0-929D-ABA9FCA77D64}.Release|iPhoneSimulator.ActiveCfg = Release|Any CPU
		{7A310158-1C6F-4BF0-929D-ABA9FCA77D64}.Release|iPhoneSimulator.Build.0 = Release|Any CPU
		{67B2C950-5E30-4B40-9D3D-A795D28EE2B3}.Debug|Any CPU.ActiveCfg = Debug|Any CPU
		{67B2C950-5E30-4B40-9D3D-A795D28EE2B3}.Debug|Any CPU.Build.0 = Debug|Any CPU
		{67B2C950-5E30-4B40-9D3D-A795D28EE2B3}.Debug|iPhone.ActiveCfg = Debug|Any CPU
		{67B2C950-5E30-4B40-9D3D-A795D28EE2B3}.Debug|iPhone.Build.0 = Debug|Any CPU
		{67B2C950-5E30-4B40-9D3D-A795D28EE2B3}.Debug|iPhoneSimulator.ActiveCfg = Debug|Any CPU
		{67B2C950-5E30-4B40-9D3D-A795D28EE2B3}.Debug|iPhoneSimulator.Build.0 = Debug|Any CPU
		{67B2C950-5E30-4B40-9D3D-A795D28EE2B3}.Release|Any CPU.ActiveCfg = Release|Any CPU
		{67B2C950-5E30-4B40-9D3D-A795D28EE2B3}.Release|Any CPU.Build.0 = Release|Any CPU
		{67B2C950-5E30-4B40-9D3D-A795D28EE2B3}.Release|iPhone.ActiveCfg = Release|Any CPU
		{67B2C950-5E30-4B40-9D3D-A795D28EE2B3}.Release|iPhone.Build.0 = Release|Any CPU
		{67B2C950-5E30-4B40-9D3D-A795D28EE2B3}.Release|iPhoneSimulator.ActiveCfg = Release|Any CPU
		{67B2C950-5E30-4B40-9D3D-A795D28EE2B3}.Release|iPhoneSimulator.Build.0 = Release|Any CPU
		{B2869475-1DFD-467D-83F5-92F4EDCF677D}.Debug|Any CPU.ActiveCfg = Debug|Any CPU
		{B2869475-1DFD-467D-83F5-92F4EDCF677D}.Debug|Any CPU.Build.0 = Debug|Any CPU
		{B2869475-1DFD-467D-83F5-92F4EDCF677D}.Debug|iPhone.ActiveCfg = Debug|Any CPU
		{B2869475-1DFD-467D-83F5-92F4EDCF677D}.Debug|iPhone.Build.0 = Debug|Any CPU
		{B2869475-1DFD-467D-83F5-92F4EDCF677D}.Debug|iPhoneSimulator.ActiveCfg = Debug|Any CPU
		{B2869475-1DFD-467D-83F5-92F4EDCF677D}.Debug|iPhoneSimulator.Build.0 = Debug|Any CPU
		{B2869475-1DFD-467D-83F5-92F4EDCF677D}.Release|Any CPU.ActiveCfg = Release|Any CPU
		{B2869475-1DFD-467D-83F5-92F4EDCF677D}.Release|Any CPU.Build.0 = Release|Any CPU
		{B2869475-1DFD-467D-83F5-92F4EDCF677D}.Release|iPhone.ActiveCfg = Release|Any CPU
		{B2869475-1DFD-467D-83F5-92F4EDCF677D}.Release|iPhone.Build.0 = Release|Any CPU
		{B2869475-1DFD-467D-83F5-92F4EDCF677D}.Release|iPhoneSimulator.ActiveCfg = Release|Any CPU
		{B2869475-1DFD-467D-83F5-92F4EDCF677D}.Release|iPhoneSimulator.Build.0 = Release|Any CPU
		{37FCD5E6-456A-4AA4-B9A1-1BB1248F31D3}.Debug|Any CPU.ActiveCfg = Debug|Any CPU
		{37FCD5E6-456A-4AA4-B9A1-1BB1248F31D3}.Debug|Any CPU.Build.0 = Debug|Any CPU
		{37FCD5E6-456A-4AA4-B9A1-1BB1248F31D3}.Debug|Any CPU.Deploy.0 = Debug|Any CPU
		{37FCD5E6-456A-4AA4-B9A1-1BB1248F31D3}.Debug|iPhone.ActiveCfg = Debug|Any CPU
		{37FCD5E6-456A-4AA4-B9A1-1BB1248F31D3}.Debug|iPhone.Build.0 = Debug|Any CPU
		{37FCD5E6-456A-4AA4-B9A1-1BB1248F31D3}.Debug|iPhone.Deploy.0 = Debug|Any CPU
		{37FCD5E6-456A-4AA4-B9A1-1BB1248F31D3}.Debug|iPhoneSimulator.ActiveCfg = Debug|Any CPU
		{37FCD5E6-456A-4AA4-B9A1-1BB1248F31D3}.Debug|iPhoneSimulator.Build.0 = Debug|Any CPU
		{37FCD5E6-456A-4AA4-B9A1-1BB1248F31D3}.Debug|iPhoneSimulator.Deploy.0 = Debug|Any CPU
		{37FCD5E6-456A-4AA4-B9A1-1BB1248F31D3}.Release|Any CPU.ActiveCfg = Release|Any CPU
		{37FCD5E6-456A-4AA4-B9A1-1BB1248F31D3}.Release|Any CPU.Build.0 = Release|Any CPU
		{37FCD5E6-456A-4AA4-B9A1-1BB1248F31D3}.Release|Any CPU.Deploy.0 = Release|Any CPU
		{37FCD5E6-456A-4AA4-B9A1-1BB1248F31D3}.Release|iPhone.ActiveCfg = Release|Any CPU
		{37FCD5E6-456A-4AA4-B9A1-1BB1248F31D3}.Release|iPhone.Build.0 = Release|Any CPU
		{37FCD5E6-456A-4AA4-B9A1-1BB1248F31D3}.Release|iPhone.Deploy.0 = Release|Any CPU
		{37FCD5E6-456A-4AA4-B9A1-1BB1248F31D3}.Release|iPhoneSimulator.ActiveCfg = Release|Any CPU
		{37FCD5E6-456A-4AA4-B9A1-1BB1248F31D3}.Release|iPhoneSimulator.Build.0 = Release|Any CPU
		{37FCD5E6-456A-4AA4-B9A1-1BB1248F31D3}.Release|iPhoneSimulator.Deploy.0 = Release|Any CPU
		{75FB00D3-EDC2-4C9A-9C2F-9670CCA03642}.Debug|Any CPU.ActiveCfg = Debug|iPhoneSimulator
		{75FB00D3-EDC2-4C9A-9C2F-9670CCA03642}.Debug|Any CPU.Build.0 = Debug|iPhoneSimulator
		{75FB00D3-EDC2-4C9A-9C2F-9670CCA03642}.Debug|iPhone.ActiveCfg = Debug|iPhone
		{75FB00D3-EDC2-4C9A-9C2F-9670CCA03642}.Debug|iPhone.Build.0 = Debug|iPhone
		{75FB00D3-EDC2-4C9A-9C2F-9670CCA03642}.Debug|iPhoneSimulator.ActiveCfg = Debug|iPhoneSimulator
		{75FB00D3-EDC2-4C9A-9C2F-9670CCA03642}.Debug|iPhoneSimulator.Build.0 = Debug|iPhoneSimulator
		{75FB00D3-EDC2-4C9A-9C2F-9670CCA03642}.Release|Any CPU.ActiveCfg = Release|iPhoneSimulator
		{75FB00D3-EDC2-4C9A-9C2F-9670CCA03642}.Release|Any CPU.Build.0 = Release|iPhoneSimulator
		{75FB00D3-EDC2-4C9A-9C2F-9670CCA03642}.Release|iPhone.ActiveCfg = Release|iPhone
		{75FB00D3-EDC2-4C9A-9C2F-9670CCA03642}.Release|iPhone.Build.0 = Release|iPhone
		{75FB00D3-EDC2-4C9A-9C2F-9670CCA03642}.Release|iPhoneSimulator.ActiveCfg = Release|iPhoneSimulator
		{75FB00D3-EDC2-4C9A-9C2F-9670CCA03642}.Release|iPhoneSimulator.Build.0 = Release|iPhoneSimulator
		{A4D7F88A-96B8-4F16-AAF2-DE7AFA6F3047}.Debug|Any CPU.ActiveCfg = Debug|Any CPU
		{A4D7F88A-96B8-4F16-AAF2-DE7AFA6F3047}.Debug|Any CPU.Build.0 = Debug|Any CPU
		{A4D7F88A-96B8-4F16-AAF2-DE7AFA6F3047}.Debug|iPhone.ActiveCfg = Debug|Any CPU
		{A4D7F88A-96B8-4F16-AAF2-DE7AFA6F3047}.Debug|iPhone.Build.0 = Debug|Any CPU
		{A4D7F88A-96B8-4F16-AAF2-DE7AFA6F3047}.Debug|iPhoneSimulator.ActiveCfg = Debug|Any CPU
		{A4D7F88A-96B8-4F16-AAF2-DE7AFA6F3047}.Debug|iPhoneSimulator.Build.0 = Debug|Any CPU
		{A4D7F88A-96B8-4F16-AAF2-DE7AFA6F3047}.Release|Any CPU.ActiveCfg = Release|Any CPU
		{A4D7F88A-96B8-4F16-AAF2-DE7AFA6F3047}.Release|Any CPU.Build.0 = Release|Any CPU
		{A4D7F88A-96B8-4F16-AAF2-DE7AFA6F3047}.Release|iPhone.ActiveCfg = Release|Any CPU
		{A4D7F88A-96B8-4F16-AAF2-DE7AFA6F3047}.Release|iPhone.Build.0 = Release|Any CPU
		{A4D7F88A-96B8-4F16-AAF2-DE7AFA6F3047}.Release|iPhoneSimulator.ActiveCfg = Release|Any CPU
		{A4D7F88A-96B8-4F16-AAF2-DE7AFA6F3047}.Release|iPhoneSimulator.Build.0 = Release|Any CPU
		{2656245B-243C-4DB3-AE30-BC878818785C}.Debug|Any CPU.ActiveCfg = Debug|Any CPU
		{2656245B-243C-4DB3-AE30-BC878818785C}.Debug|Any CPU.Build.0 = Debug|Any CPU
		{2656245B-243C-4DB3-AE30-BC878818785C}.Debug|iPhone.ActiveCfg = Debug|Any CPU
		{2656245B-243C-4DB3-AE30-BC878818785C}.Debug|iPhone.Build.0 = Debug|Any CPU
		{2656245B-243C-4DB3-AE30-BC878818785C}.Debug|iPhoneSimulator.ActiveCfg = Debug|Any CPU
		{2656245B-243C-4DB3-AE30-BC878818785C}.Debug|iPhoneSimulator.Build.0 = Debug|Any CPU
		{2656245B-243C-4DB3-AE30-BC878818785C}.Release|Any CPU.ActiveCfg = Release|Any CPU
		{2656245B-243C-4DB3-AE30-BC878818785C}.Release|Any CPU.Build.0 = Release|Any CPU
		{2656245B-243C-4DB3-AE30-BC878818785C}.Release|iPhone.ActiveCfg = Release|Any CPU
		{2656245B-243C-4DB3-AE30-BC878818785C}.Release|iPhone.Build.0 = Release|Any CPU
		{2656245B-243C-4DB3-AE30-BC878818785C}.Release|iPhoneSimulator.ActiveCfg = Release|Any CPU
		{2656245B-243C-4DB3-AE30-BC878818785C}.Release|iPhoneSimulator.Build.0 = Release|Any CPU
	EndGlobalSection
	GlobalSection(SolutionProperties) = preSolution
		HideSolutionNode = FALSE
	EndGlobalSection
	GlobalSection(ExtensibilityGlobals) = postSolution
		SolutionGuid = {1DB1DC61-6DA4-4219-BD82-3AD0EFBCFB85}
	EndGlobalSection
EndGlobal
